{
  "name": "dueseasondigital.github.io",
  "lockfileVersion": 3,
  "requires": true,
  "packages": {
    "": {
      "dependencies": {
        "@fontsource/inter": "^5.2.5",
        "@fortawesome/fontawesome-free": "^6.7.2"
      }
    },
    "node_modules/@fontsource/inter": {
      "version": "5.2.5",
      "resolved": "https://registry.npmjs.org/@fontsource/inter/-/inter-5.2.5.tgz",
      "integrity": "sha512-kbsPKj0S4p44JdYRFiW78Td8Ge2sBVxi/PIBwmih+RpSXUdvS9nbs1HIiuUSPtRMi14CqLEZ/fbk7dj7vni1Sg==",
      "license": "OFL-1.1",
      "funding": {
        "url": "https://github.com/sponsors/ayuhito"
      }
    },
    "node_modules/@fortawesome/fontawesome-free": {
      "version": "6.7.2",
      "resolved": "https://registry.npmjs.org/@fortawesome/fontawesome-free/-/fontawesome-free-6.7.2.tgz",
      "integrity": "sha512-JUOtgFW6k9u4Y+xeIaEiLr3+cjoUPiAuLXoyKOJSia6Duzb7pq+A76P9ZdPDoAoxHdHzq6gE9/jKBGXlZT8FbA==",
      "license": "(CC-BY-4.0 AND OFL-1.1 AND MIT)",
      "engines": {
        "node": ">=6"
      }
    }
  }
}
